// !$*UTF8*$!
{
	archiveVersion = 1;
	classes = {
	};
	objectVersion = 46;
	objects = {

/* Begin PBXBuildFile section */
		AA1D2FD41BE20F6200EFD09C /* main.m in Sources */ = {isa = PBXBuildFile; fileRef = AA1D2FD31BE20F6200EFD09C /* main.m */; };
		AA1D2FD71BE20F6200EFD09C /* AppDelegate.m in Sources */ = {isa = PBXBuildFile; fileRef = AA1D2FD61BE20F6200EFD09C /* AppDelegate.m */; };
		AA1D2FDD1BE20F6200EFD09C /* Main.storyboard in Resources */ = {isa = PBXBuildFile; fileRef = AA1D2FDB1BE20F6200EFD09C /* Main.storyboard */; };
		AA1D2FE21BE20F6200EFD09C /* LaunchScreen.storyboard in Resources */ = {isa = PBXBuildFile; fileRef = AA1D2FE01BE20F6200EFD09C /* LaunchScreen.storyboard */; };
		AA60938C1BEB3604007E2563 /* NSString+KN.m in Sources */ = {isa = PBXBuildFile; fileRef = AA6093821BEB3604007E2563 /* NSString+KN.m */; };
		AA60938D1BEB3604007E2563 /* ViewController.m in Sources */ = {isa = PBXBuildFile; fileRef = AA6093851BEB3604007E2563 /* ViewController.m */; };
		AA60938E1BEB3604007E2563 /* Assets.xcassets in Resources */ = {isa = PBXBuildFile; fileRef = AA60938A1BEB3604007E2563 /* Assets.xcassets */; };
		AA60939B1BEB3734007E2563 /* FMDatabase.m in Sources */ = {isa = PBXBuildFile; fileRef = AA6093911BEB3734007E2563 /* FMDatabase.m */; };
		AA60939C1BEB3734007E2563 /* FMDatabaseAdditions.m in Sources */ = {isa = PBXBuildFile; fileRef = AA6093931BEB3734007E2563 /* FMDatabaseAdditions.m */; };
		AA60939D1BEB3734007E2563 /* FMDatabasePool.m in Sources */ = {isa = PBXBuildFile; fileRef = AA6093951BEB3734007E2563 /* FMDatabasePool.m */; };
		AA60939E1BEB3734007E2563 /* FMDatabaseQueue.m in Sources */ = {isa = PBXBuildFile; fileRef = AA6093971BEB3734007E2563 /* FMDatabaseQueue.m */; };
		AA60939F1BEB3734007E2563 /* FMResultSet.m in Sources */ = {isa = PBXBuildFile; fileRef = AA60939A1BEB3734007E2563 /* FMResultSet.m */; };
		AA6093A11BEB39E6007E2563 /* libsqlite3.tbd in Frameworks */ = {isa = PBXBuildFile; fileRef = AA6093A01BEB39E5007E2563 /* libsqlite3.tbd */; };
		AA6093B61BEB4BCA007E2563 /* AFHTTPRequestOperation.m in Sources */ = {isa = PBXBuildFile; fileRef = AA6093A41BEB4BCA007E2563 /* AFHTTPRequestOperation.m */; };
		AA6093B71BEB4BCA007E2563 /* AFHTTPRequestOperationManager.m in Sources */ = {isa = PBXBuildFile; fileRef = AA6093A61BEB4BCA007E2563 /* AFHTTPRequestOperationManager.m */; };
		AA6093B81BEB4BCA007E2563 /* AFHTTPSessionManager.m in Sources */ = {isa = PBXBuildFile; fileRef = AA6093A81BEB4BCA007E2563 /* AFHTTPSessionManager.m */; };
		AA6093B91BEB4BCA007E2563 /* AFNetworkReachabilityManager.m in Sources */ = {isa = PBXBuildFile; fileRef = AA6093AB1BEB4BCA007E2563 /* AFNetworkReachabilityManager.m */; };
		AA6093BA1BEB4BCA007E2563 /* AFSecurityPolicy.m in Sources */ = {isa = PBXBuildFile; fileRef = AA6093AD1BEB4BCA007E2563 /* AFSecurityPolicy.m */; };
		AA6093BB1BEB4BCA007E2563 /* AFURLConnectionOperation.m in Sources */ = {isa = PBXBuildFile; fileRef = AA6093AF1BEB4BCA007E2563 /* AFURLConnectionOperation.m */; };
		AA6093BC1BEB4BCA007E2563 /* AFURLRequestSerialization.m in Sources */ = {isa = PBXBuildFile; fileRef = AA6093B11BEB4BCA007E2563 /* AFURLRequestSerialization.m */; };
		AA6093BD1BEB4BCA007E2563 /* AFURLResponseSerialization.m in Sources */ = {isa = PBXBuildFile; fileRef = AA6093B31BEB4BCA007E2563 /* AFURLResponseSerialization.m */; };
		AA6093BE1BEB4BCA007E2563 /* AFURLSessionManager.m in Sources */ = {isa = PBXBuildFile; fileRef = AA6093B51BEB4BCA007E2563 /* AFURLSessionManager.m */; };
/* End PBXBuildFile section */

/* Begin PBXFileReference section */
		AA1D2FCF1BE20F6200EFD09C /* Git_test.app */ = {isa = PBXFileReference; explicitFileType = wrapper.application; includeInIndex = 0; path = Git_test.app; sourceTree = BUILT_PRODUCTS_DIR; };
		AA1D2FD31BE20F6200EFD09C /* main.m */ = {isa = PBXFileReference; lastKnownFileType = sourcecode.c.objc; path = main.m; sourceTree = "<group>"; };
		AA1D2FD51BE20F6200EFD09C /* AppDelegate.h */ = {isa = PBXFileReference; lastKnownFileType = sourcecode.c.h; path = AppDelegate.h; sourceTree = "<group>"; };
		AA1D2FD61BE20F6200EFD09C /* AppDelegate.m */ = {isa = PBXFileReference; lastKnownFileType = sourcecode.c.objc; path = AppDelegate.m; sourceTree = "<group>"; };
		AA1D2FDC1BE20F6200EFD09C /* Base */ = {isa = PBXFileReference; lastKnownFileType = file.storyboard; name = Base; path = Base.lproj/Main.storyboard; sourceTree = "<group>"; };
		AA1D2FE11BE20F6200EFD09C /* Base */ = {isa = PBXFileReference; lastKnownFileType = file.storyboard; name = Base; path = Base.lproj/LaunchScreen.storyboard; sourceTree = "<group>"; };
		AA1D2FE31BE20F6200EFD09C /* Info.plist */ = {isa = PBXFileReference; lastKnownFileType = text.plist.xml; path = Info.plist; sourceTree = "<group>"; };
		AA6093811BEB3604007E2563 /* NSString+KN.h */ = {isa = PBXFileReference; fileEncoding = 4; lastKnownFileType = sourcecode.c.h; path = "NSString+KN.h"; sourceTree = "<group>"; };
		AA6093821BEB3604007E2563 /* NSString+KN.m */ = {isa = PBXFileReference; fileEncoding = 4; lastKnownFileType = sourcecode.c.objc; path = "NSString+KN.m"; sourceTree = "<group>"; };
		AA6093841BEB3604007E2563 /* ViewController.h */ = {isa = PBXFileReference; fileEncoding = 4; lastKnownFileType = sourcecode.c.h; path = ViewController.h; sourceTree = "<group>"; };
		AA6093851BEB3604007E2563 /* ViewController.m */ = {isa = PBXFileReference; fileEncoding = 4; lastKnownFileType = sourcecode.c.objc; path = ViewController.m; sourceTree = "<group>"; };
		AA60938A1BEB3604007E2563 /* Assets.xcassets */ = {isa = PBXFileReference; lastKnownFileType = folder.assetcatalog; path = Assets.xcassets; sourceTree = "<group>"; };
		AA6093901BEB3734007E2563 /* FMDatabase.h */ = {isa = PBXFileReference; fileEncoding = 4; lastKnownFileType = sourcecode.c.h; path = FMDatabase.h; sourceTree = "<group>"; };
		AA6093911BEB3734007E2563 /* FMDatabase.m */ = {isa = PBXFileReference; fileEncoding = 4; lastKnownFileType = sourcecode.c.objc; path = FMDatabase.m; sourceTree = "<group>"; };
		AA6093921BEB3734007E2563 /* FMDatabaseAdditions.h */ = {isa = PBXFileReference; fileEncoding = 4; lastKnownFileType = sourcecode.c.h; path = FMDatabaseAdditions.h; sourceTree = "<group>"; };
		AA6093931BEB3734007E2563 /* FMDatabaseAdditions.m */ = {isa = PBXFileReference; fileEncoding = 4; lastKnownFileType = sourcecode.c.objc; path = FMDatabaseAdditions.m; sourceTree = "<group>"; };
		AA6093941BEB3734007E2563 /* FMDatabasePool.h */ = {isa = PBXFileReference; fileEncoding = 4; lastKnownFileType = sourcecode.c.h; path = FMDatabasePool.h; sourceTree = "<group>"; };
		AA6093951BEB3734007E2563 /* FMDatabasePool.m */ = {isa = PBXFileReference; fileEncoding = 4; lastKnownFileType = sourcecode.c.objc; path = FMDatabasePool.m; sourceTree = "<group>"; };
		AA6093961BEB3734007E2563 /* FMDatabaseQueue.h */ = {isa = PBXFileReference; fileEncoding = 4; lastKnownFileType = sourcecode.c.h; path = FMDatabaseQueue.h; sourceTree = "<group>"; };
		AA6093971BEB3734007E2563 /* FMDatabaseQueue.m */ = {isa = PBXFileReference; fileEncoding = 4; lastKnownFileType = sourcecode.c.objc; path = FMDatabaseQueue.m; sourceTree = "<group>"; };
		AA6093981BEB3734007E2563 /* FMDB.h */ = {isa = PBXFileReference; fileEncoding = 4; lastKnownFileType = sourcecode.c.h; path = FMDB.h; sourceTree = "<group>"; };
		AA6093991BEB3734007E2563 /* FMResultSet.h */ = {isa = PBXFileReference; fileEncoding = 4; lastKnownFileType = sourcecode.c.h; path = FMResultSet.h; sourceTree = "<group>"; };
		AA60939A1BEB3734007E2563 /* FMResultSet.m */ = {isa = PBXFileReference; fileEncoding = 4; lastKnownFileType = sourcecode.c.objc; path = FMResultSet.m; sourceTree = "<group>"; };
		AA6093A01BEB39E5007E2563 /* libsqlite3.tbd */ = {isa = PBXFileReference; lastKnownFileType = "sourcecode.text-based-dylib-definition"; name = libsqlite3.tbd; path = usr/lib/libsqlite3.tbd; sourceTree = SDKROOT; };
		AA6093A31BEB4BCA007E2563 /* AFHTTPRequestOperation.h */ = {isa = PBXFileReference; fileEncoding = 4; lastKnownFileType = sourcecode.c.h; path = AFHTTPRequestOperation.h; sourceTree = "<group>"; };
		AA6093A41BEB4BCA007E2563 /* AFHTTPRequestOperation.m */ = {isa = PBXFileReference; fileEncoding = 4; lastKnownFileType = sourcecode.c.objc; path = AFHTTPRequestOperation.m; sourceTree = "<group>"; };
		AA6093A51BEB4BCA007E2563 /* AFHTTPRequestOperationManager.h */ = {isa = PBXFileReference; fileEncoding = 4; lastKnownFileType = sourcecode.c.h; path = AFHTTPRequestOperationManager.h; sourceTree = "<group>"; };
		AA6093A61BEB4BCA007E2563 /* AFHTTPRequestOperationManager.m */ = {isa = PBXFileReference; fileEncoding = 4; lastKnownFileType = sourcecode.c.objc; path = AFHTTPRequestOperationManager.m; sourceTree = "<group>"; };
		AA6093A71BEB4BCA007E2563 /* AFHTTPSessionManager.h */ = {isa = PBXFileReference; fileEncoding = 4; lastKnownFileType = sourcecode.c.h; path = AFHTTPSessionManager.h; sourceTree = "<group>"; };
		AA6093A81BEB4BCA007E2563 /* AFHTTPSessionManager.m */ = {isa = PBXFileReference; fileEncoding = 4; lastKnownFileType = sourcecode.c.objc; path = AFHTTPSessionManager.m; sourceTree = "<group>"; };
		AA6093A91BEB4BCA007E2563 /* AFNetworking.h */ = {isa = PBXFileReference; fileEncoding = 4; lastKnownFileType = sourcecode.c.h; path = AFNetworking.h; sourceTree = "<group>"; };
		AA6093AA1BEB4BCA007E2563 /* AFNetworkReachabilityManager.h */ = {isa = PBXFileReference; fileEncoding = 4; lastKnownFileType = sourcecode.c.h; path = AFNetworkReachabilityManager.h; sourceTree = "<group>"; };
		AA6093AB1BEB4BCA007E2563 /* AFNetworkReachabilityManager.m */ = {isa = PBXFileReference; fileEncoding = 4; lastKnownFileType = sourcecode.c.objc; path = AFNetworkReachabilityManager.m; sourceTree = "<group>"; };
		AA6093AC1BEB4BCA007E2563 /* AFSecurityPolicy.h */ = {isa = PBXFileReference; fileEncoding = 4; lastKnownFileType = sourcecode.c.h; path = AFSecurityPolicy.h; sourceTree = "<group>"; };
		AA6093AD1BEB4BCA007E2563 /* AFSecurityPolicy.m */ = {isa = PBXFileReference; fileEncoding = 4; lastKnownFileType = sourcecode.c.objc; path = AFSecurityPolicy.m; sourceTree = "<group>"; };
		AA6093AE1BEB4BCA007E2563 /* AFURLConnectionOperation.h */ = {isa = PBXFileReference; fileEncoding = 4; lastKnownFileType = sourcecode.c.h; path = AFURLConnectionOperation.h; sourceTree = "<group>"; };
		AA6093AF1BEB4BCA007E2563 /* AFURLConnectionOperation.m */ = {isa = PBXFileReference; fileEncoding = 4; lastKnownFileType = sourcecode.c.objc; path = AFURLConnectionOperation.m; sourceTree = "<group>"; };
		AA6093B01BEB4BCA007E2563 /* AFURLRequestSerialization.h */ = {isa = PBXFileReference; fileEncoding = 4; lastKnownFileType = sourcecode.c.h; path = AFURLRequestSerialization.h; sourceTree = "<group>"; };
		AA6093B11BEB4BCA007E2563 /* AFURLRequestSerialization.m */ = {isa = PBXFileReference; fileEncoding = 4; lastKnownFileType = sourcecode.c.objc; path = AFURLRequestSerialization.m; sourceTree = "<group>"; };
		AA6093B21BEB4BCA007E2563 /* AFURLResponseSerialization.h */ = {isa = PBXFileReference; fileEncoding = 4; lastKnownFileType = sourcecode.c.h; path = AFURLResponseSerialization.h; sourceTree = "<group>"; };
		AA6093B31BEB4BCA007E2563 /* AFURLResponseSerialization.m */ = {isa = PBXFileReference; fileEncoding = 4; lastKnownFileType = sourcecode.c.objc; path = AFURLResponseSerialization.m; sourceTree = "<group>"; };
		AA6093B41BEB4BCA007E2563 /* AFURLSessionManager.h */ = {isa = PBXFileReference; fileEncoding = 4; lastKnownFileType = sourcecode.c.h; path = AFURLSessionManager.h; sourceTree = "<group>"; };
		AA6093B51BEB4BCA007E2563 /* AFURLSessionManager.m */ = {isa = PBXFileReference; fileEncoding = 4; lastKnownFileType = sourcecode.c.objc; path = AFURLSessionManager.m; sourceTree = "<group>"; };
/* End PBXFileReference section */

/* Begin PBXFrameworksBuildPhase section */
		AA1D2FCC1BE20F6200EFD09C /* Frameworks */ = {
			isa = PBXFrameworksBuildPhase;
			buildActionMask = 2147483647;
			files = (
				AA6093A11BEB39E6007E2563 /* libsqlite3.tbd in Frameworks */,
			);
			runOnlyForDeploymentPostprocessing = 0;
		};
/* End PBXFrameworksBuildPhase section */

/* Begin PBXGroup section */
		AA1D2FC61BE20F6100EFD09C = {
			isa = PBXGroup;
			children = (
				AA6093A01BEB39E5007E2563 /* libsqlite3.tbd */,
				AA1D2FD11BE20F6200EFD09C /* Git_test */,
				AA1D2FD01BE20F6200EFD09C /* Products */,
			);
			sourceTree = "<group>";
		};
		AA1D2FD01BE20F6200EFD09C /* Products */ = {
			isa = PBXGroup;
			children = (
				AA1D2FCF1BE20F6200EFD09C /* Git_test.app */,
			);
			name = Products;
			sourceTree = "<group>";
		};
		AA1D2FD11BE20F6200EFD09C /* Git_test */ = {
			isa = PBXGroup;
			children = (
				AA6093801BEB3604007E2563 /* Category */,
				AA6093831BEB3604007E2563 /* Controllers */,
				AA6093861BEB3604007E2563 /* External */,
				AA6093871BEB3604007E2563 /* Models */,
				AA6093881BEB3604007E2563 /* Resource */,
				AA60938B1BEB3604007E2563 /* Views */,
				AA1D2FD51BE20F6200EFD09C /* AppDelegate.h */,
				AA1D2FD61BE20F6200EFD09C /* AppDelegate.m */,
				AA1D2FDB1BE20F6200EFD09C /* Main.storyboard */,
				AA1D2FE01BE20F6200EFD09C /* LaunchScreen.storyboard */,
				AA1D2FE31BE20F6200EFD09C /* Info.plist */,
				AA1D2FD21BE20F6200EFD09C /* Supporting Files */,
			);
			path = Git_test;
			sourceTree = "<group>";
		};
		AA1D2FD21BE20F6200EFD09C /* Supporting Files */ = {
			isa = PBXGroup;
			children = (
				AA1D2FD31BE20F6200EFD09C /* main.m */,
			);
			name = "Supporting Files";
			sourceTree = "<group>";
		};
		AA6093801BEB3604007E2563 /* Category */ = {
			isa = PBXGroup;
			children = (
				AA6093811BEB3604007E2563 /* NSString+KN.h */,
				AA6093821BEB3604007E2563 /* NSString+KN.m */,
			);
			path = Category;
			sourceTree = "<group>";
		};
		AA6093831BEB3604007E2563 /* Controllers */ = {
			isa = PBXGroup;
			children = (
				AA6093841BEB3604007E2563 /* ViewController.h */,
				AA6093851BEB3604007E2563 /* ViewController.m */,
			);
			path = Controllers;
			sourceTree = "<group>";
		};
		AA6093861BEB3604007E2563 /* External */ = {
			isa = PBXGroup;
			children = (
				AA6093A21BEB4BCA007E2563 /* AFNetworking */,
				AA60938F1BEB3734007E2563 /* Fmdb */,
			);
			path = External;
			sourceTree = "<group>";
		};
		AA6093871BEB3604007E2563 /* Models */ = {
			isa = PBXGroup;
			children = (
			);
			path = Models;
			sourceTree = "<group>";
		};
		AA6093881BEB3604007E2563 /* Resource */ = {
			isa = PBXGroup;
			children = (
				AA6093891BEB3604007E2563 /* Images */,
			);
			path = Resource;
			sourceTree = "<group>";
		};
		AA6093891BEB3604007E2563 /* Images */ = {
			isa = PBXGroup;
			children = (
				AA60938A1BEB3604007E2563 /* Assets.xcassets */,
			);
			path = Images;
			sourceTree = "<group>";
		};
		AA60938B1BEB3604007E2563 /* Views */ = {
			isa = PBXGroup;
			children = (
			);
			path = Views;
			sourceTree = "<group>";
		};
		AA60938F1BEB3734007E2563 /* Fmdb */ = {
			isa = PBXGroup;
			children = (
				AA6093901BEB3734007E2563 /* FMDatabase.h */,
				AA6093911BEB3734007E2563 /* FMDatabase.m */,
				AA6093921BEB3734007E2563 /* FMDatabaseAdditions.h */,
				AA6093931BEB3734007E2563 /* FMDatabaseAdditions.m */,
				AA6093941BEB3734007E2563 /* FMDatabasePool.h */,
				AA6093951BEB3734007E2563 /* FMDatabasePool.m */,
				AA6093961BEB3734007E2563 /* FMDatabaseQueue.h */,
				AA6093971BEB3734007E2563 /* FMDatabaseQueue.m */,
				AA6093981BEB3734007E2563 /* FMDB.h */,
				AA6093991BEB3734007E2563 /* FMResultSet.h */,
				AA60939A1BEB3734007E2563 /* FMResultSet.m */,
			);
			path = Fmdb;
			sourceTree = "<group>";
		};
		AA6093A21BEB4BCA007E2563 /* AFNetworking */ = {
			isa = PBXGroup;
			children = (
				AA6093A31BEB4BCA007E2563 /* AFHTTPRequestOperation.h */,
				AA6093A41BEB4BCA007E2563 /* AFHTTPRequestOperation.m */,
				AA6093A51BEB4BCA007E2563 /* AFHTTPRequestOperationManager.h */,
				AA6093A61BEB4BCA007E2563 /* AFHTTPRequestOperationManager.m */,
				AA6093A71BEB4BCA007E2563 /* AFHTTPSessionManager.h */,
				AA6093A81BEB4BCA007E2563 /* AFHTTPSessionManager.m */,
				AA6093A91BEB4BCA007E2563 /* AFNetworking.h */,
				AA6093AA1BEB4BCA007E2563 /* AFNetworkReachabilityManager.h */,
				AA6093AB1BEB4BCA007E2563 /* AFNetworkReachabilityManager.m */,
				AA6093AC1BEB4BCA007E2563 /* AFSecurityPolicy.h */,
				AA6093AD1BEB4BCA007E2563 /* AFSecurityPolicy.m */,
				AA6093AE1BEB4BCA007E2563 /* AFURLConnectionOperation.h */,
				AA6093AF1BEB4BCA007E2563 /* AFURLConnectionOperation.m */,
				AA6093B01BEB4BCA007E2563 /* AFURLRequestSerialization.h */,
				AA6093B11BEB4BCA007E2563 /* AFURLRequestSerialization.m */,
				AA6093B21BEB4BCA007E2563 /* AFURLResponseSerialization.h */,
				AA6093B31BEB4BCA007E2563 /* AFURLResponseSerialization.m */,
				AA6093B41BEB4BCA007E2563 /* AFURLSessionManager.h */,
				AA6093B51BEB4BCA007E2563 /* AFURLSessionManager.m */,
			);
			path = AFNetworking;
			sourceTree = "<group>";
		};
/* End PBXGroup section */

/* Begin PBXNativeTarget section */
		AA1D2FCE1BE20F6200EFD09C /* Git_test */ = {
			isa = PBXNativeTarget;
			buildConfigurationList = AA1D2FE61BE20F6200EFD09C /* Build configuration list for PBXNativeTarget "Git_test" */;
			buildPhases = (
				AA1D2FCB1BE20F6200EFD09C /* Sources */,
				AA1D2FCC1BE20F6200EFD09C /* Frameworks */,
				AA1D2FCD1BE20F6200EFD09C /* Resources */,
			);
			buildRules = (
			);
			dependencies = (
			);
			name = Git_test;
			productName = Git_test;
			productReference = AA1D2FCF1BE20F6200EFD09C /* Git_test.app */;
			productType = "com.apple.product-type.application";
		};
/* End PBXNativeTarget section */

/* Begin PBXProject section */
		AA1D2FC71BE20F6200EFD09C /* Project object */ = {
			isa = PBXProject;
			attributes = {
				LastUpgradeCheck = 0710;
				ORGANIZATIONNAME = Kevin;
				TargetAttributes = {
					AA1D2FCE1BE20F6200EFD09C = {
						CreatedOnToolsVersion = 7.1;
					};
				};
			};
			buildConfigurationList = AA1D2FCA1BE20F6200EFD09C /* Build configuration list for PBXProject "Git_test" */;
			compatibilityVersion = "Xcode 3.2";
			developmentRegion = English;
			hasScannedForEncodings = 0;
			knownRegions = (
				en,
				Base,
			);
			mainGroup = AA1D2FC61BE20F6100EFD09C;
			productRefGroup = AA1D2FD01BE20F6200EFD09C /* Products */;
			projectDirPath = "";
			projectRoot = "";
			targets = (
				AA1D2FCE1BE20F6200EFD09C /* Git_test */,
			);
		};
/* End PBXProject section */

/* Begin PBXResourcesBuildPhase section */
		AA1D2FCD1BE20F6200EFD09C /* Resources */ = {
			isa = PBXResourcesBuildPhase;
			buildActionMask = 2147483647;
			files = (
				AA1D2FE21BE20F6200EFD09C /* LaunchScreen.storyboard in Resources */,
				AA60938E1BEB3604007E2563 /* Assets.xcassets in Resources */,
				AA1D2FDD1BE20F6200EFD09C /* Main.storyboard in Resources */,
			);
			runOnlyForDeploymentPostprocessing = 0;
		};
/* End PBXResourcesBuildPhase section */

/* Begin PBXSourcesBuildPhase section */
		AA1D2FCB1BE20F6200EFD09C /* Sources */ = {
			isa = PBXSourcesBuildPhase;
			buildActionMask = 2147483647;
			files = (
				AA6093BA1BEB4BCA007E2563 /* AFSecurityPolicy.m in Sources */,
				AA1D2FD71BE20F6200EFD09C /* AppDelegate.m in Sources */,
				AA6093B91BEB4BCA007E2563 /* AFNetworkReachabilityManager.m in Sources */,
				AA60939E1BEB3734007E2563 /* FMDatabaseQueue.m in Sources */,
				AA6093BB1BEB4BCA007E2563 /* AFURLConnectionOperation.m in Sources */,
				AA6093B61BEB4BCA007E2563 /* AFHTTPRequestOperation.m in Sources */,
				AA6093B81BEB4BCA007E2563 /* AFHTTPSessionManager.m in Sources */,
				AA6093BC1BEB4BCA007E2563 /* AFURLRequestSerialization.m in Sources */,
				AA60938C1BEB3604007E2563 /* NSString+KN.m in Sources */,
				AA6093BE1BEB4BCA007E2563 /* AFURLSessionManager.m in Sources */,
				AA60938D1BEB3604007E2563 /* ViewController.m in Sources */,
				AA6093B71BEB4BCA007E2563 /* AFHTTPRequestOperationManager.m in Sources */,
				AA60939B1BEB3734007E2563 /* FMDatabase.m in Sources */,
				AA6093BD1BEB4BCA007E2563 /* AFURLResponseSerialization.m in Sources */,
				AA60939D1BEB3734007E2563 /* FMDatabasePool.m in Sources */,
				AA60939F1BEB3734007E2563 /* FMResultSet.m in Sources */,
				AA1D2FD41BE20F6200EFD09C /* main.m in Sources */,
				AA60939C1BEB3734007E2563 /* FMDatabaseAdditions.m in Sources */,
			);
			runOnlyForDeploymentPostprocessing = 0;
		};
/* End PBXSourcesBuildPhase section */

/* Begin PBXVariantGroup section */
		AA1D2FDB1BE20F6200EFD09C /* Main.storyboard */ = {
			isa = PBXVariantGroup;
			children = (
				AA1D2FDC1BE20F6200EFD09C /* Base */,
			);
			name = Main.storyboard;
			sourceTree = "<group>";
		};
		AA1D2FE01BE20F6200EFD09C /* LaunchScreen.storyboard */ = {
			isa = PBXVariantGroup;
			children = (
				AA1D2FE11BE20F6200EFD09C /* Base */,
			);
			name = LaunchScreen.storyboard;
			sourceTree = "<group>";
		};
/* End PBXVariantGroup section */

/* Begin XCBuildConfiguration section */
		AA1D2FE41BE20F6200EFD09C /* Debug */ = {
			isa = XCBuildConfiguration;
			buildSettings = {
				ALWAYS_SEARCH_USER_PATHS = NO;
				CLANG_CXX_LANGUAGE_STANDARD = "gnu++0x";
				CLANG_CXX_LIBRARY = "libc++";
				CLANG_ENABLE_MODULES = YES;
				CLANG_ENABLE_OBJC_ARC = YES;
				CLANG_WARN_BOOL_CONVERSION = YES;
				CLANG_WARN_CONSTANT_CONVERSION = YES;
				CLANG_WARN_DIRECT_OBJC_ISA_USAGE = YES_ERROR;
				CLANG_WARN_EMPTY_BODY = YES;
				CLANG_WARN_ENUM_CONVERSION = YES;
				CLANG_WARN_INT_CONVERSION = YES;
				CLANG_WARN_OBJC_ROOT_CLASS = YES_ERROR;
				CLANG_WARN_UNREACHABLE_CODE = YES;
				CLANG_WARN__DUPLICATE_METHOD_MATCH = YES;
				"CODE_SIGN_IDENTITY[sdk=iphoneos*]" = "iPhone Developer";
				COPY_PHASE_STRIP = NO;
				DEBUG_INFORMATION_FORMAT = dwarf;
				ENABLE_STRICT_OBJC_MSGSEND = YES;
				ENABLE_TESTABILITY = YES;
				GCC_C_LANGUAGE_STANDARD = gnu99;
				GCC_DYNAMIC_NO_PIC = NO;
				GCC_NO_COMMON_BLOCKS = YES;
				GCC_OPTIMIZATION_LEVEL = 0;
				GCC_PREPROCESSOR_DEFINITIONS = (
					"DEBUG=1",
					"$(inherited)",
				);
				GCC_WARN_64_TO_32_BIT_CONVERSION = YES;
				GCC_WARN_ABOUT_RETURN_TYPE = YES_ERROR;
				GCC_WARN_UNDECLARED_SELECTOR = YES;
				GCC_WARN_UNINITIALIZED_AUTOS = YES_AGGRESSIVE;
				GCC_WARN_UNUSED_FUNCTION = YES;
				GCC_WARN_UNUSED_VARIABLE = YES;
				IPHONEOS_DEPLOYMENT_TARGET = 9.1;
				MTL_ENABLE_DEBUG_INFO = YES;
				ONLY_ACTIVE_ARCH = YES;
				SDKROOT = iphoneos;
			};
			name = Debug;
		};
		AA1D2FE51BE20F6200EFD09C /* Release */ = {
			isa = XCBuildConfiguration;
			buildSettings = {
				ALWAYS_SEARCH_USER_PATHS = NO;
				CLANG_CXX_LANGUAGE_STANDARD = "gnu++0x";
				CLANG_CXX_LIBRARY = "libc++";
				CLANG_ENABLE_MODULES = YES;
				CLANG_ENABLE_OBJC_ARC = YES;
				CLANG_WARN_BOOL_CONVERSION = YES;
				CLANG_WARN_CONSTANT_CONVERSION = YES;
				CLANG_WARN_DIRECT_OBJC_ISA_USAGE = YES_ERROR;
				CLANG_WARN_EMPTY_BODY = YES;
				CLANG_WARN_ENUM_CONVERSION = YES;
				CLANG_WARN_INT_CONVERSION = YES;
				CLANG_WARN_OBJC_ROOT_CLASS = YES_ERROR;
				CLANG_WARN_UNREACHABLE_CODE = YES;
				CLANG_WARN__DUPLICATE_METHOD_MATCH = YES;
				"CODE_SIGN_IDENTITY[sdk=iphoneos*]" = "iPhone Developer";
				COPY_PHASE_STRIP = NO;
				DEBUG_INFORMATION_FORMAT = "dwarf-with-dsym";
				ENABLE_NS_ASSERTIONS = NO;
				ENABLE_STRICT_OBJC_MSGSEND = YES;
				GCC_C_LANGUAGE_STANDARD = gnu99;
				GCC_NO_COMMON_BLOCKS = YES;
				GCC_WARN_64_TO_32_BIT_CONVERSION = YES;
				GCC_WARN_ABOUT_RETURN_TYPE = YES_ERROR;
				GCC_WARN_UNDECLARED_SELECTOR = YES;
				GCC_WARN_UNINITIALIZED_AUTOS = YES_AGGRESSIVE;
				GCC_WARN_UNUSED_FUNCTION = YES;
				GCC_WARN_UNUSED_VARIABLE = YES;
				IPHONEOS_DEPLOYMENT_TARGET = 9.1;
				MTL_ENABLE_DEBUG_INFO = NO;
				SDKROOT = iphoneos;
				VALIDATE_PRODUCT = YES;
			};
			name = Release;
		};
		AA1D2FE71BE20F6200EFD09C /* Debug */ = {
			isa = XCBuildConfiguration;
			buildSettings = {
				ASSETCATALOG_COMPILER_APPICON_NAME = AppIcon;
				INFOPLIST_FILE = Git_test/Info.plist;
				LD_RUNPATH_SEARCH_PATHS = "$(inherited) @executable_path/Frameworks";
				PRODUCT_BUNDLE_IDENTIFIER = "com.haima.Git-test";
				PRODUCT_NAME = "$(TARGET_NAME)";
			};
			name = Debug;
		};
		AA1D2FE81BE20F6200EFD09C /* Release */ = {
			isa = XCBuildConfiguration;
			buildSettings = {
				ASSETCATALOG_COMPILER_APPICON_NAME = AppIcon;
				INFOPLIST_FILE = Git_test/Info.plist;
				LD_RUNPATH_SEARCH_PATHS = "$(inherited) @executable_path/Frameworks";
				PRODUCT_BUNDLE_IDENTIFIER = "com.haima.Git-test";
				PRODUCT_NAME = "$(TARGET_NAME)";
			};
			name = Release;
		};
/* End XCBuildConfiguration section */

/* Begin XCConfigurationList section */
		AA1D2FCA1BE20F6200EFD09C /* Build configuration list for PBXProject "Git_test" */ = {
			isa = XCConfigurationList;
			buildConfigurations = (
				AA1D2FE41BE20F6200EFD09C /* Debug */,
				AA1D2FE51BE20F6200EFD09C /* Release */,
			);
			defaultConfigurationIsVisible = 0;
			defaultConfigurationName = Release;
		};
		AA1D2FE61BE20F6200EFD09C /* Build configuration list for PBXNativeTarget "Git_test" */ = {
			isa = XCConfigurationList;
			buildConfigurations = (
				AA1D2FE71BE20F6200EFD09C /* Debug */,
				AA1D2FE81BE20F6200EFD09C /* Release */,
			);
			defaultConfigurationIsVisible = 0;
			defaultConfigurationName = Release;
		};
/* End XCConfigurationList section */
	};
	rootObject = AA1D2FC71BE20F6200EFD09C /* Project object */;
}
